
Microsoft Visual Studio Solution File, Format Version 12.00
# Visual Studio Version 16
VisualStudioVersion = 16.0.31605.320
MinimumVisualStudioVersion = 10.0.40219.1
Project("{2150E333-8FDC-42A3-9474-1A3956D46DE8}") = "Services", "Services", "{AD932601-D2D3-41A6-9EBD-E1A63FA34D4F}"
EndProject
Project("{2150E333-8FDC-42A3-9474-1A3956D46DE8}") = "Catalog", "Catalog", "{5DCB6B40-B35C-4E7C-98B7-9D7F1CEA38B8}"
EndProject
Project("{FAE04EC0-301F-11D3-BF4B-00C04F79EFBC}") = "Catalog.API", "Services\Catalog\Catalog.API\Catalog.API.csproj", "{250AE9BD-F0FC-41B1-A78F-2D466D130863}"
EndProject
Global
	GlobalSection(SolutionConfigurationPlatforms) = preSolution
		Debug|Any CPU = Debug|Any CPU
		Release|Any CPU = Release|Any CPU
	EndGlobalSection
	GlobalSection(ProjectConfigurationPlatforms) = postSolution
		{250AE9BD-F0FC-41B1-A78F-2D466D130863}.Debug|Any CPU.ActiveCfg = Debug|Any CPU
		{250AE9BD-F0FC-41B1-A78F-2D466D130863}.Debug|Any CPU.Build.0 = Debug|Any CPU
		{250AE9BD-F0FC-41B1-A78F-2D466D130863}.Release|Any CPU.ActiveCfg = Release|Any CPU
		{250AE9BD-F0FC-41B1-A78F-2D466D130863}.Release|Any CPU.Build.0 = Release|Any CPU
	EndGlobalSection
	GlobalSection(SolutionProperties) = preSolution
		HideSolutionNode = FALSE
	EndGlobalSection
	GlobalSection(NestedProjects) = preSolution
		{5DCB6B40-B35C-4E7C-98B7-9D7F1CEA38B8} = {AD932601-D2D3-41A6-9EBD-E1A63FA34D4F}
		{250AE9BD-F0FC-41B1-A78F-2D466D130863} = {5DCB6B40-B35C-4E7C-98B7-9D7F1CEA38B8}
	EndGlobalSection
	GlobalSection(ExtensibilityGlobals) = postSolution
		SolutionGuid = {E4DC5EE9-43D7-4792-8A5B-0CB2410C2BAF}
	EndGlobalSection
EndGlobal
